
Microsoft Visual Studio Solution File, Format Version 12.00
# Visual Studio Version 17
VisualStudioVersion = 17.5.002.0
MinimumVisualStudioVersion = 10.0.40219.1
Project("{9A19103F-16F7-4668-BE54-9A1E7A4F7556}") = "SpreadsheetDiff", "SpreadsheetDiff.csproj", "{1B83ABF8-FA73-4870-A693-8010BBA07477}"
EndProject
Global
	GlobalSection(SolutionConfigurationPlatforms) = preSolution
		Debug|Any CPU = Debug|Any CPU
		Release|Any CPU = Release|Any CPU
	EndGlobalSection
	GlobalSection(ProjectConfigurationPlatforms) = postSolution
		{1B83ABF8-FA73-4870-A693-8010BBA07477}.Debug|Any CPU.ActiveCfg = Debug|Any CPU
		{1B83ABF8-FA73-4870-A693-8010BBA07477}.Debug|Any CPU.Build.0 = Debug|Any CPU
		{1B83ABF8-FA73-4870-A693-8010BBA07477}.Release|Any CPU.ActiveCfg = Release|Any CPU
		{1B83ABF8-FA73-4870-A693-8010BBA07477}.Release|Any CPU.Build.0 = Release|Any CPU
	EndGlobalSection
	GlobalSection(SolutionProperties) = preSolution
		HideSolutionNode = FALSE
	EndGlobalSection
	GlobalSection(ExtensibilityGlobals) = postSolution
		SolutionGuid = {E257A529-AA8B-4353-AFC3-6472D2988DE4}
	EndGlobalSection
EndGlobal
